
Microsoft Visual Studio Solution File, Format Version 12.00
# Visual Studio Version 17
VisualStudioVersion = 17.8.34309.116
MinimumVisualStudioVersion = 10.0.40219.1
Project("{FAE04EC0-301F-11D3-BF4B-00C04F79EFBC}") = "MedicalThyroidReports", "MedicalThyroidReports\MedicalThyroidReports.csproj", "{A78282EF-3720-45CF-9B9B-FD543038B23B}"
EndProject
Global
	GlobalSection(SolutionConfigurationPlatforms) = preSolution
		Debug|Any CPU = Debug|Any CPU
		Release|Any CPU = Release|Any CPU
	EndGlobalSection
	GlobalSection(ProjectConfigurationPlatforms) = postSolution
		{A78282EF-3720-45CF-9B9B-FD543038B23B}.Debug|Any CPU.ActiveCfg = Debug|Any CPU
		{A78282EF-3720-45CF-9B9B-FD543038B23B}.Debug|Any CPU.Build.0 = Debug|Any CPU
		{A78282EF-3720-45CF-9B9B-FD543038B23B}.Release|Any CPU.ActiveCfg = Release|Any CPU
		{A78282EF-3720-45CF-9B9B-FD543038B23B}.Release|Any CPU.Build.0 = Release|Any CPU
	EndGlobalSection
	GlobalSection(SolutionProperties) = preSolution
		HideSolutionNode = FALSE
	EndGlobalSection
	GlobalSection(ExtensibilityGlobals) = postSolution
		SolutionGuid = {EFFD2B2B-C71A-4FF8-89DB-BC95DDF9F4B5}
	EndGlobalSection
EndGlobal
